
Microsoft Visual Studio Solution File, Format Version 12.00
Project("{FAE04EC0-301F-11D3-BF4B-00C04F79EFBC}") = "AWSS3", "AWSS3\AWSS3.csproj", "{D5051E03-D2CD-41CB-9088-0D7DBB36DC8B}"
EndProject
Global
	GlobalSection(SolutionConfigurationPlatforms) = preSolution
		Debug|Any CPU = Debug|Any CPU
		Release|Any CPU = Release|Any CPU
	EndGlobalSection
	GlobalSection(ProjectConfigurationPlatforms) = postSolution
		{D5051E03-D2CD-41CB-9088-0D7DBB36DC8B}.Debug|Any CPU.ActiveCfg = Debug|Any CPU
		{D5051E03-D2CD-41CB-9088-0D7DBB36DC8B}.Debug|Any CPU.Build.0 = Debug|Any CPU
		{D5051E03-D2CD-41CB-9088-0D7DBB36DC8B}.Release|Any CPU.ActiveCfg = Release|Any CPU
		{D5051E03-D2CD-41CB-9088-0D7DBB36DC8B}.Release|Any CPU.Build.0 = Release|Any CPU
	EndGlobalSection
EndGlobal
